
Microsoft Visual Studio Solution File, Format Version 12.00
# Visual Studio 15
VisualStudioVersion = 15.0.28010.2016
MinimumVisualStudioVersion = 10.0.40219.1
Project("{888888A0-9F3D-457C-B088-3A5042F75D52}") = "DjangoWebProject1", "DjangoWebProject1\ProyectoPPS.pyproj", "{5C44144C-7795-491B-82D2-1C9F13497A67}"
EndProject
Global
	GlobalSection(SolutionConfigurationPlatforms) = preSolution
		Debug|Any CPU = Debug|Any CPU
		Release|Any CPU = Release|Any CPU
	EndGlobalSection
	GlobalSection(ProjectConfigurationPlatforms) = postSolution
		{5C44144C-7795-491B-82D2-1C9F13497A67}.Debug|Any CPU.ActiveCfg = Debug|Any CPU
		{5C44144C-7795-491B-82D2-1C9F13497A67}.Debug|Any CPU.Build.0 = Debug|Any CPU
		{5C44144C-7795-491B-82D2-1C9F13497A67}.Release|Any CPU.ActiveCfg = Release|Any CPU
		{5C44144C-7795-491B-82D2-1C9F13497A67}.Release|Any CPU.Build.0 = Release|Any CPU
	EndGlobalSection
	GlobalSection(SolutionProperties) = preSolution
		HideSolutionNode = FALSE
	EndGlobalSection
	GlobalSection(ExtensibilityGlobals) = postSolution
		SolutionGuid = {1B420A40-024B-4318-BCA3-1EDAC10D156C}
	EndGlobalSection
EndGlobal
